// !$*UTF8*$!
{
	archiveVersion = 1;
	classes = {
	};
	objectVersion = 56;
	objects = {

/* Begin PBXBuildFile section */
		5069905E2B6A6861007C4708 /* palpalApp.swift in Sources */ = {isa = PBXBuildFile; fileRef = 5069905D2B6A6861007C4708 /* palpalApp.swift */; };
		506990602B6A6861007C4708 /* ContentView.swift in Sources */ = {isa = PBXBuildFile; fileRef = 5069905F2B6A6861007C4708 /* ContentView.swift */; };
		506990622B6A6863007C4708 /* Assets.xcassets in Resources */ = {isa = PBXBuildFile; fileRef = 506990612B6A6863007C4708 /* Assets.xcassets */; };
		506990652B6A6863007C4708 /* Preview Assets.xcassets in Resources */ = {isa = PBXBuildFile; fileRef = 506990642B6A6863007C4708 /* Preview Assets.xcassets */; };
		5069906F2B6A6863007C4708 /* palpalTests.swift in Sources */ = {isa = PBXBuildFile; fileRef = 5069906E2B6A6863007C4708 /* palpalTests.swift */; };
		506990792B6A6863007C4708 /* palpalUITests.swift in Sources */ = {isa = PBXBuildFile; fileRef = 506990782B6A6863007C4708 /* palpalUITests.swift */; };
		5069907B2B6A6863007C4708 /* palpalUITestsLaunchTests.swift in Sources */ = {isa = PBXBuildFile; fileRef = 5069907A2B6A6863007C4708 /* palpalUITestsLaunchTests.swift */; };
/* End PBXBuildFile section */

/* Begin PBXContainerItemProxy section */
		5069906B2B6A6863007C4708 /* PBXContainerItemProxy */ = {
			isa = PBXContainerItemProxy;
			containerPortal = 506990522B6A6861007C4708 /* Project object */;
			proxyType = 1;
			remoteGlobalIDString = 506990592B6A6861007C4708;
			remoteInfo = palpal;
		};
		506990752B6A6863007C4708 /* PBXContainerItemProxy */ = {
			isa = PBXContainerItemProxy;
			containerPortal = 506990522B6A6861007C4708 /* Project object */;
			proxyType = 1;
			remoteGlobalIDString = 506990592B6A6861007C4708;
			remoteInfo = palpal;
		};
/* End PBXContainerItemProxy section */

/* Begin PBXFileReference section */
		5069905A2B6A6861007C4708 /* palpal.app */ = {isa = PBXFileReference; explicitFileType = wrapper.application; includeInIndex = 0; path = palpal.app; sourceTree = BUILT_PRODUCTS_DIR; };
		5069905D2B6A6861007C4708 /* palpalApp.swift */ = {isa = PBXFileReference; lastKnownFileType = sourcecode.swift; path = palpalApp.swift; sourceTree = "<group>"; };
		5069905F2B6A6861007C4708 /* ContentView.swift */ = {isa = PBXFileReference; lastKnownFileType = sourcecode.swift; path = ContentView.swift; sourceTree = "<group>"; };
		506990612B6A6863007C4708 /* Assets.xcassets */ = {isa = PBXFileReference; lastKnownFileType = folder.assetcatalog; path = Assets.xcassets; sourceTree = "<group>"; };
		506990642B6A6863007C4708 /* Preview Assets.xcassets */ = {isa = PBXFileReference; lastKnownFileType = folder.assetcatalog; path = "Preview Assets.xcassets"; sourceTree = "<group>"; };
		5069906A2B6A6863007C4708 /* palpalTests.xctest */ = {isa = PBXFileReference; explicitFileType = wrapper.cfbundle; includeInIndex = 0; path = palpalTests.xctest; sourceTree = BUILT_PRODUCTS_DIR; };
		5069906E2B6A6863007C4708 /* palpalTests.swift */ = {isa = PBXFileReference; lastKnownFileType = sourcecode.swift; path = palpalTests.swift; sourceTree = "<group>"; };
		506990742B6A6863007C4708 /* palpalUITests.xctest */ = {isa = PBXFileReference; explicitFileType = wrapper.cfbundle; includeInIndex = 0; path = palpalUITests.xctest; sourceTree = BUILT_PRODUCTS_DIR; };
		506990782B6A6863007C4708 /* palpalUITests.swift */ = {isa = PBXFileReference; lastKnownFileType = sourcecode.swift; path = palpalUITests.swift; sourceTree = "<group>"; };
		5069907A2B6A6863007C4708 /* palpalUITestsLaunchTests.swift */ = {isa = PBXFileReference; lastKnownFileType = sourcecode.swift; path = palpalUITestsLaunchTests.swift; sourceTree = "<group>"; };
/* End PBXFileReference section */

/* Begin PBXFrameworksBuildPhase section */
		506990572B6A6861007C4708 /* Frameworks */ = {
			isa = PBXFrameworksBuildPhase;
			buildActionMask = 2147483647;
			files = (
			);
			runOnlyForDeploymentPostprocessing = 0;
		};
		506990672B6A6863007C4708 /* Frameworks */ = {
			isa = PBXFrameworksBuildPhase;
			buildActionMask = 2147483647;
			files = (
			);
			runOnlyForDeploymentPostprocessing = 0;
		};
		506990712B6A6863007C4708 /* Frameworks */ = {
			isa = PBXFrameworksBuildPhase;
			buildActionMask = 2147483647;
			files = (
			);
			runOnlyForDeploymentPostprocessing = 0;
		};
/* End PBXFrameworksBuildPhase section */

/* Begin PBXGroup section */
		506990512B6A6861007C4708 = {
			isa = PBXGroup;
			children = (
				5069905C2B6A6861007C4708 /* palpal */,
				5069906D2B6A6863007C4708 /* palpalTests */,
				506990772B6A6863007C4708 /* palpalUITests */,
				5069905B2B6A6861007C4708 /* Products */,
			);
			sourceTree = "<group>";
		};
		5069905B2B6A6861007C4708 /* Products */ = {
			isa = PBXGroup;
			children = (
				5069905A2B6A6861007C4708 /* palpal.app */,
				5069906A2B6A6863007C4708 /* palpalTests.xctest */,
				506990742B6A6863007C4708 /* palpalUITests.xctest */,
			);
			name = Products;
			sourceTree = "<group>";
		};
		5069905C2B6A6861007C4708 /* palpal */ = {
			isa = PBXGroup;
			children = (
				5069905D2B6A6861007C4708 /* palpalApp.swift */,
				5069905F2B6A6861007C4708 /* ContentView.swift */,
				506990612B6A6863007C4708 /* Assets.xcassets */,
				506990632B6A6863007C4708 /* Preview Content */,
			);
			path = palpal;
			sourceTree = "<group>";
		};
		506990632B6A6863007C4708 /* Preview Content */ = {
			isa = PBXGroup;
			children = (
				506990642B6A6863007C4708 /* Preview Assets.xcassets */,
			);
			path = "Preview Content";
			sourceTree = "<group>";
		};
		5069906D2B6A6863007C4708 /* palpalTests */ = {
			isa = PBXGroup;
			children = (
				5069906E2B6A6863007C4708 /* palpalTests.swift */,
			);
			path = palpalTests;
			sourceTree = "<group>";
		};
		506990772B6A6863007C4708 /* palpalUITests */ = {
			isa = PBXGroup;
			children = (
				506990782B6A6863007C4708 /* palpalUITests.swift */,
				5069907A2B6A6863007C4708 /* palpalUITestsLaunchTests.swift */,
			);
			path = palpalUITests;
			sourceTree = "<group>";
		};
/* End PBXGroup section */

/* Begin PBXNativeTarget section */
		506990592B6A6861007C4708 /* palpal */ = {
			isa = PBXNativeTarget;
			buildConfigurationList = 5069907E2B6A6863007C4708 /* Build configuration list for PBXNativeTarget "palpal" */;
			buildPhases = (
				506990562B6A6861007C4708 /* Sources */,
				506990572B6A6861007C4708 /* Frameworks */,
				506990582B6A6861007C4708 /* Resources */,
			);
			buildRules = (
			);
			dependencies = (
			);
			name = palpal;
			productName = palpal;
			productReference = 5069905A2B6A6861007C4708 /* palpal.app */;
			productType = "com.apple.product-type.application";
		};
		506990692B6A6863007C4708 /* palpalTests */ = {
			isa = PBXNativeTarget;
			buildConfigurationList = 506990812B6A6863007C4708 /* Build configuration list for PBXNativeTarget "palpalTests" */;
			buildPhases = (
				506990662B6A6863007C4708 /* Sources */,
				506990672B6A6863007C4708 /* Frameworks */,
				506990682B6A6863007C4708 /* Resources */,
			);
			buildRules = (
			);
			dependencies = (
				5069906C2B6A6863007C4708 /* PBXTargetDependency */,
			);
			name = palpalTests;
			productName = palpalTests;
			productReference = 5069906A2B6A6863007C4708 /* palpalTests.xctest */;
			productType = "com.apple.product-type.bundle.unit-test";
		};
		506990732B6A6863007C4708 /* palpalUITests */ = {
			isa = PBXNativeTarget;
			buildConfigurationList = 506990842B6A6863007C4708 /* Build configuration list for PBXNativeTarget "palpalUITests" */;
			buildPhases = (
				506990702B6A6863007C4708 /* Sources */,
				506990712B6A6863007C4708 /* Frameworks */,
				506990722B6A6863007C4708 /* Resources */,
			);
			buildRules = (
			);
			dependencies = (
				506990762B6A6863007C4708 /* PBXTargetDependency */,
			);
			name = palpalUITests;
			productName = palpalUITests;
			productReference = 506990742B6A6863007C4708 /* palpalUITests.xctest */;
			productType = "com.apple.product-type.bundle.ui-testing";
		};
/* End PBXNativeTarget section */

/* Begin PBXProject section */
		506990522B6A6861007C4708 /* Project object */ = {
			isa = PBXProject;
			attributes = {
				BuildIndependentTargetsInParallel = 1;
				LastSwiftUpdateCheck = 1520;
				LastUpgradeCheck = 1520;
				TargetAttributes = {
					506990592B6A6861007C4708 = {
						CreatedOnToolsVersion = 15.2;
					};
					506990692B6A6863007C4708 = {
						CreatedOnToolsVersion = 15.2;
						TestTargetID = 506990592B6A6861007C4708;
					};
					506990732B6A6863007C4708 = {
						CreatedOnToolsVersion = 15.2;
						TestTargetID = 506990592B6A6861007C4708;
					};
				};
			};
			buildConfigurationList = 506990552B6A6861007C4708 /* Build configuration list for PBXProject "palpal" */;
			compatibilityVersion = "Xcode 14.0";
			developmentRegion = en;
			hasScannedForEncodings = 0;
			knownRegions = (
				en,
				Base,
			);
			mainGroup = 506990512B6A6861007C4708;
			productRefGroup = 5069905B2B6A6861007C4708 /* Products */;
			projectDirPath = "";
			projectRoot = "";
			targets = (
				506990592B6A6861007C4708 /* palpal */,
				506990692B6A6863007C4708 /* palpalTests */,
				506990732B6A6863007C4708 /* palpalUITests */,
			);
		};
/* End PBXProject section */

/* Begin PBXResourcesBuildPhase section */
		506990582B6A6861007C4708 /* Resources */ = {
			isa = PBXResourcesBuildPhase;
			buildActionMask = 2147483647;
			files = (
				506990652B6A6863007C4708 /* Preview Assets.xcassets in Resources */,
				506990622B6A6863007C4708 /* Assets.xcassets in Resources */,
			);
			runOnlyForDeploymentPostprocessing = 0;
		};
		506990682B6A6863007C4708 /* Resources */ = {
			isa = PBXResourcesBuildPhase;
			buildActionMask = 2147483647;
			files = (
			);
			runOnlyForDeploymentPostprocessing = 0;
		};
		506990722B6A6863007C4708 /* Resources */ = {
			isa = PBXResourcesBuildPhase;
			buildActionMask = 2147483647;
			files = (
			);
			runOnlyForDeploymentPostprocessing = 0;
		};
/* End PBXResourcesBuildPhase section */

/* Begin PBXSourcesBuildPhase section */
		506990562B6A6861007C4708 /* Sources */ = {
			isa = PBXSourcesBuildPhase;
			buildActionMask = 2147483647;
			files = (
				506990602B6A6861007C4708 /* ContentView.swift in Sources */,
				5069905E2B6A6861007C4708 /* palpalApp.swift in Sources */,
			);
			runOnlyForDeploymentPostprocessing = 0;
		};
		506990662B6A6863007C4708 /* Sources */ = {
			isa = PBXSourcesBuildPhase;
			buildActionMask = 2147483647;
			files = (
				5069906F2B6A6863007C4708 /* palpalTests.swift in Sources */,
			);
			runOnlyForDeploymentPostprocessing = 0;
		};
		506990702B6A6863007C4708 /* Sources */ = {
			isa = PBXSourcesBuildPhase;
			buildActionMask = 2147483647;
			files = (
				5069907B2B6A6863007C4708 /* palpalUITestsLaunchTests.swift in Sources */,
				506990792B6A6863007C4708 /* palpalUITests.swift in Sources */,
			);
			runOnlyForDeploymentPostprocessing = 0;
		};
/* End PBXSourcesBuildPhase section */

/* Begin PBXTargetDependency section */
		5069906C2B6A6863007C4708 /* PBXTargetDependency */ = {
			isa = PBXTargetDependency;
			target = 506990592B6A6861007C4708 /* palpal */;
			targetProxy = 5069906B2B6A6863007C4708 /* PBXContainerItemProxy */;
		};
		506990762B6A6863007C4708 /* PBXTargetDependency */ = {
			isa = PBXTargetDependency;
			target = 506990592B6A6861007C4708 /* palpal */;
			targetProxy = 506990752B6A6863007C4708 /* PBXContainerItemProxy */;
		};
/* End PBXTargetDependency section */

/* Begin XCBuildConfiguration section */
		5069907C2B6A6863007C4708 /* Debug */ = {
			isa = XCBuildConfiguration;
			buildSettings = {
				ALWAYS_SEARCH_USER_PATHS = NO;
				ASSETCATALOG_COMPILER_GENERATE_SWIFT_ASSET_SYMBOL_EXTENSIONS = YES;
				CLANG_ANALYZER_NONNULL = YES;
				CLANG_ANALYZER_NUMBER_OBJECT_CONVERSION = YES_AGGRESSIVE;
				CLANG_CXX_LANGUAGE_STANDARD = "gnu++20";
				CLANG_ENABLE_MODULES = YES;
				CLANG_ENABLE_OBJC_ARC = YES;
				CLANG_ENABLE_OBJC_WEAK = YES;
				CLANG_WARN_BLOCK_CAPTURE_AUTORELEASING = YES;
				CLANG_WARN_BOOL_CONVERSION = YES;
				CLANG_WARN_COMMA = YES;
				CLANG_WARN_CONSTANT_CONVERSION = YES;
				CLANG_WARN_DEPRECATED_OBJC_IMPLEMENTATIONS = YES;
				CLANG_WARN_DIRECT_OBJC_ISA_USAGE = YES_ERROR;
				CLANG_WARN_DOCUMENTATION_COMMENTS = YES;
				CLANG_WARN_EMPTY_BODY = YES;
				CLANG_WARN_ENUM_CONVERSION = YES;
				CLANG_WARN_INFINITE_RECURSION = YES;
				CLANG_WARN_INT_CONVERSION = YES;
				CLANG_WARN_NON_LITERAL_NULL_CONVERSION = YES;
				CLANG_WARN_OBJC_IMPLICIT_RETAIN_SELF = YES;
				CLANG_WARN_OBJC_LITERAL_CONVERSION = YES;
				CLANG_WARN_OBJC_ROOT_CLASS = YES_ERROR;
				CLANG_WARN_QUOTED_INCLUDE_IN_FRAMEWORK_HEADER = YES;
				CLANG_WARN_RANGE_LOOP_ANALYSIS = YES;
				CLANG_WARN_STRICT_PROTOTYPES = YES;
				CLANG_WARN_SUSPICIOUS_MOVE = YES;
				CLANG_WARN_UNGUARDED_AVAILABILITY = YES_AGGRESSIVE;
				CLANG_WARN_UNREACHABLE_CODE = YES;
				CLANG_WARN__DUPLICATE_METHOD_MATCH = YES;
				COPY_PHASE_STRIP = NO;
				DEBUG_INFORMATION_FORMAT = dwarf;
				ENABLE_STRICT_OBJC_MSGSEND = YES;
				ENABLE_TESTABILITY = YES;
				ENABLE_USER_SCRIPT_SANDBOXING = YES;
				GCC_C_LANGUAGE_STANDARD = gnu17;
				GCC_DYNAMIC_NO_PIC = NO;
				GCC_NO_COMMON_BLOCKS = YES;
				GCC_OPTIMIZATION_LEVEL = 0;
				GCC_PREPROCESSOR_DEFINITIONS = (
					"DEBUG=1",
					"$(inherited)",
				);
				GCC_WARN_64_TO_32_BIT_CONVERSION = YES;
				GCC_WARN_ABOUT_RETURN_TYPE = YES_ERROR;
				GCC_WARN_UNDECLARED_SELECTOR = YES;
				GCC_WARN_UNINITIALIZED_AUTOS = YES_AGGRESSIVE;
				GCC_WARN_UNUSED_FUNCTION = YES;
				GCC_WARN_UNUSED_VARIABLE = YES;
				IPHONEOS_DEPLOYMENT_TARGET = 17.2;
				LOCALIZATION_PREFERS_STRING_CATALOGS = YES;
				MTL_ENABLE_DEBUG_INFO = INCLUDE_SOURCE;
				MTL_FAST_MATH = YES;
				ONLY_ACTIVE_ARCH = YES;
				SDKROOT = iphoneos;
				SWIFT_ACTIVE_COMPILATION_CONDITIONS = "DEBUG $(inherited)";
				SWIFT_OPTIMIZATION_LEVEL = "-Onone";
			};
			name = Debug;
		};
		5069907D2B6A6863007C4708 /* Release */ = {
			isa = XCBuildConfiguration;
			buildSettings = {
				ALWAYS_SEARCH_USER_PATHS = NO;
				ASSETCATALOG_COMPILER_GENERATE_SWIFT_ASSET_SYMBOL_EXTENSIONS = YES;
				CLANG_ANALYZER_NONNULL = YES;
				CLANG_ANALYZER_NUMBER_OBJECT_CONVERSION = YES_AGGRESSIVE;
				CLANG_CXX_LANGUAGE_STANDARD = "gnu++20";
				CLANG_ENABLE_MODULES = YES;
				CLANG_ENABLE_OBJC_ARC = YES;
				CLANG_ENABLE_OBJC_WEAK = YES;
				CLANG_WARN_BLOCK_CAPTURE_AUTORELEASING = YES;
				CLANG_WARN_BOOL_CONVERSION = YES;
				CLANG_WARN_COMMA = YES;
				CLANG_WARN_CONSTANT_CONVERSION = YES;
				CLANG_WARN_DEPRECATED_OBJC_IMPLEMENTATIONS = YES;
				CLANG_WARN_DIRECT_OBJC_ISA_USAGE = YES_ERROR;
				CLANG_WARN_DOCUMENTATION_COMMENTS = YES;
				CLANG_WARN_EMPTY_BODY = YES;
				CLANG_WARN_ENUM_CONVERSION = YES;
				CLANG_WARN_INFINITE_RECURSION = YES;
				CLANG_WARN_INT_CONVERSION = YES;
				CLANG_WARN_NON_LITERAL_NULL_CONVERSION = YES;
				CLANG_WARN_OBJC_IMPLICIT_RETAIN_SELF = YES;
				CLANG_WARN_OBJC_LITERAL_CONVERSION = YES;
				CLANG_WARN_OBJC_ROOT_CLASS = YES_ERROR;
				CLANG_WARN_QUOTED_INCLUDE_IN_FRAMEWORK_HEADER = YES;
				CLANG_WARN_RANGE_LOOP_ANALYSIS = YES;
				CLANG_WARN_STRICT_PROTOTYPES = YES;
				CLANG_WARN_SUSPICIOUS_MOVE = YES;
				CLANG_WARN_UNGUARDED_AVAILABILITY = YES_AGGRESSIVE;
				CLANG_WARN_UNREACHABLE_CODE = YES;
				CLANG_WARN__DUPLICATE_METHOD_MATCH = YES;
				COPY_PHASE_STRIP = NO;
				DEBUG_INFORMATION_FORMAT = "dwarf-with-dsym";
				ENABLE_NS_ASSERTIONS = NO;
				ENABLE_STRICT_OBJC_MSGSEND = YES;
				ENABLE_USER_SCRIPT_SANDBOXING = YES;
				GCC_C_LANGUAGE_STANDARD = gnu17;
				GCC_NO_COMMON_BLOCKS = YES;
				GCC_WARN_64_TO_32_BIT_CONVERSION = YES;
				GCC_WARN_ABOUT_RETURN_TYPE = YES_ERROR;
				GCC_WARN_UNDECLARED_SELECTOR = YES;
				GCC_WARN_UNINITIALIZED_AUTOS = YES_AGGRESSIVE;
				GCC_WARN_UNUSED_FUNCTION = YES;
				GCC_WARN_UNUSED_VARIABLE = YES;
				IPHONEOS_DEPLOYMENT_TARGET = 17.2;
				LOCALIZATION_PREFERS_STRING_CATALOGS = YES;
				MTL_ENABLE_DEBUG_INFO = NO;
				MTL_FAST_MATH = YES;
				SDKROOT = iphoneos;
				SWIFT_COMPILATION_MODE = wholemodule;
				VALIDATE_PRODUCT = YES;
			};
			name = Release;
		};
		5069907F2B6A6863007C4708 /* Debug */ = {
			isa = XCBuildConfiguration;
			buildSettings = {
				ASSETCATALOG_COMPILER_APPICON_NAME = AppIcon;
				ASSETCATALOG_COMPILER_GLOBAL_ACCENT_COLOR_NAME = AccentColor;
				CODE_SIGN_STYLE = Automatic;
				CURRENT_PROJECT_VERSION = 1;
				DEVELOPMENT_ASSET_PATHS = "\"palpal/Preview Content\"";
				DEVELOPMENT_TEAM = 4HYR9945JC;
				ENABLE_PREVIEWS = YES;
				GENERATE_INFOPLIST_FILE = YES;
				INFOPLIST_KEY_UIApplicationSceneManifest_Generation = YES;
				INFOPLIST_KEY_UIApplicationSupportsIndirectInputEvents = YES;
				INFOPLIST_KEY_UILaunchScreen_Generation = YES;
				INFOPLIST_KEY_UISupportedInterfaceOrientations_iPad = "UIInterfaceOrientationPortrait UIInterfaceOrientationPortraitUpsideDown UIInterfaceOrientationLandscapeLeft UIInterfaceOrientationLandscapeRight";
				INFOPLIST_KEY_UISupportedInterfaceOrientations_iPhone = "UIInterfaceOrientationPortrait UIInterfaceOrientationLandscapeLeft UIInterfaceOrientationLandscapeRight";
				LD_RUNPATH_SEARCH_PATHS = (
					"$(inherited)",
					"@executable_path/Frameworks",
				);
				MARKETING_VERSION = 1.0;
				PRODUCT_BUNDLE_IDENTIFIER = com.tokarczykadam.palpal;
				PRODUCT_NAME = "$(TARGET_NAME)";
				SWIFT_EMIT_LOC_STRINGS = YES;
				SWIFT_VERSION = 5.0;
				TARGETED_DEVICE_FAMILY = "1,2";
			};
			name = Debug;
		};
		506990802B6A6863007C4708 /* Release */ = {
			isa = XCBuildConfiguration;
			buildSettings = {
				ASSETCATALOG_COMPILER_APPICON_NAME = AppIcon;
				ASSETCATALOG_COMPILER_GLOBAL_ACCENT_COLOR_NAME = AccentColor;
				CODE_SIGN_STYLE = Automatic;
				CURRENT_PROJECT_VERSION = 1;
				DEVELOPMENT_ASSET_PATHS = "\"palpal/Preview Content\"";
				DEVELOPMENT_TEAM = 4HYR9945JC;
				ENABLE_PREVIEWS = YES;
				GENERATE_INFOPLIST_FILE = YES;
				INFOPLIST_KEY_UIApplicationSceneManifest_Generation = YES;
				INFOPLIST_KEY_UIApplicationSupportsIndirectInputEvents = YES;
				INFOPLIST_KEY_UILaunchScreen_Generation = YES;
				INFOPLIST_KEY_UISupportedInterfaceOrientations_iPad = "UIInterfaceOrientationPortrait UIInterfaceOrientationPortraitUpsideDown UIInterfaceOrientationLandscapeLeft UIInterfaceOrientationLandscapeRight";
				INFOPLIST_KEY_UISupportedInterfaceOrientations_iPhone = "UIInterfaceOrientationPortrait UIInterfaceOrientationLandscapeLeft UIInterfaceOrientationLandscapeRight";
				LD_RUNPATH_SEARCH_PATHS = (
					"$(inherited)",
					"@executable_path/Frameworks",
				);
				MARKETING_VERSION = 1.0;
				PRODUCT_BUNDLE_IDENTIFIER = com.tokarczykadam.palpal;
				PRODUCT_NAME = "$(TARGET_NAME)";
				SWIFT_EMIT_LOC_STRINGS = YES;
				SWIFT_VERSION = 5.0;
				TARGETED_DEVICE_FAMILY = "1,2";
			};
			name = Release;
		};
		506990822B6A6863007C4708 /* Debug */ = {
			isa = XCBuildConfiguration;
			buildSettings = {
				ALWAYS_EMBED_SWIFT_STANDARD_LIBRARIES = YES;
				BUNDLE_LOADER = "$(TEST_HOST)";
				CODE_SIGN_STYLE = Automatic;
				CURRENT_PROJECT_VERSION = 1;
				DEVELOPMENT_TEAM = 4HYR9945JC;
				GENERATE_INFOPLIST_FILE = YES;
				IPHONEOS_DEPLOYMENT_TARGET = 17.2;
				MARKETING_VERSION = 1.0;
				PRODUCT_BUNDLE_IDENTIFIER = com.tokarczykadam.palpalTests;
				PRODUCT_NAME = "$(TARGET_NAME)";
				SWIFT_EMIT_LOC_STRINGS = NO;
				SWIFT_VERSION = 5.0;
				TARGETED_DEVICE_FAMILY = "1,2";
				TEST_HOST = "$(BUILT_PRODUCTS_DIR)/palpal.app/$(BUNDLE_EXECUTABLE_FOLDER_PATH)/palpal";
			};
			name = Debug;
		};
		506990832B6A6863007C4708 /* Release */ = {
			isa = XCBuildConfiguration;
			buildSettings = {
				ALWAYS_EMBED_SWIFT_STANDARD_LIBRARIES = YES;
				BUNDLE_LOADER = "$(TEST_HOST)";
				CODE_SIGN_STYLE = Automatic;
				CURRENT_PROJECT_VERSION = 1;
				DEVELOPMENT_TEAM = 4HYR9945JC;
				GENERATE_INFOPLIST_FILE = YES;
				IPHONEOS_DEPLOYMENT_TARGET = 17.2;
				MARKETING_VERSION = 1.0;
				PRODUCT_BUNDLE_IDENTIFIER = com.tokarczykadam.palpalTests;
				PRODUCT_NAME = "$(TARGET_NAME)";
				SWIFT_EMIT_LOC_STRINGS = NO;
				SWIFT_VERSION = 5.0;
				TARGETED_DEVICE_FAMILY = "1,2";
				TEST_HOST = "$(BUILT_PRODUCTS_DIR)/palpal.app/$(BUNDLE_EXECUTABLE_FOLDER_PATH)/palpal";
			};
			name = Release;
		};
		506990852B6A6863007C4708 /* Debug */ = {
			isa = XCBuildConfiguration;
			buildSettings = {
				ALWAYS_EMBED_SWIFT_STANDARD_LIBRARIES = YES;
				CODE_SIGN_STYLE = Automatic;
				CURRENT_PROJECT_VERSION = 1;
				DEVELOPMENT_TEAM = 4HYR9945JC;
				GENERATE_INFOPLIST_FILE = YES;
				MARKETING_VERSION = 1.0;
				PRODUCT_BUNDLE_IDENTIFIER = com.tokarczykadam.palpalUITests;
				PRODUCT_NAME = "$(TARGET_NAME)";
				SWIFT_EMIT_LOC_STRINGS = NO;
				SWIFT_VERSION = 5.0;
				TARGETED_DEVICE_FAMILY = "1,2";
				TEST_TARGET_NAME = palpal;
			};
			name = Debug;
		};
		506990862B6A6863007C4708 /* Release */ = {
			isa = XCBuildConfiguration;
			buildSettings = {
				ALWAYS_EMBED_SWIFT_STANDARD_LIBRARIES = YES;
				CODE_SIGN_STYLE = Automatic;
				CURRENT_PROJECT_VERSION = 1;
				DEVELOPMENT_TEAM = 4HYR9945JC;
				GENERATE_INFOPLIST_FILE = YES;
				MARKETING_VERSION = 1.0;
				PRODUCT_BUNDLE_IDENTIFIER = com.tokarczykadam.palpalUITests;
				PRODUCT_NAME = "$(TARGET_NAME)";
				SWIFT_EMIT_LOC_STRINGS = NO;
				SWIFT_VERSION = 5.0;
				TARGETED_DEVICE_FAMILY = "1,2";
				TEST_TARGET_NAME = palpal;
			};
			name = Release;
		};
/* End XCBuildConfiguration section */

/* Begin XCConfigurationList section */
		506990552B6A6861007C4708 /* Build configuration list for PBXProject "palpal" */ = {
			isa = XCConfigurationList;
			buildConfigurations = (
				5069907C2B6A6863007C4708 /* Debug */,
				5069907D2B6A6863007C4708 /* Release */,
			);
			defaultConfigurationIsVisible = 0;
			defaultConfigurationName = Release;
		};
		5069907E2B6A6863007C4708 /* Build configuration list for PBXNativeTarget "palpal" */ = {
			isa = XCConfigurationList;
			buildConfigurations = (
				5069907F2B6A6863007C4708 /* Debug */,
				506990802B6A6863007C4708 /* Release */,
			);
			defaultConfigurationIsVisible = 0;
			defaultConfigurationName = Release;
		};
		506990812B6A6863007C4708 /* Build configuration list for PBXNativeTarget "palpalTests" */ = {
			isa = XCConfigurationList;
			buildConfigurations = (
				506990822B6A6863007C4708 /* Debug */,
				506990832B6A6863007C4708 /* Release */,
			);
			defaultConfigurationIsVisible = 0;
			defaultConfigurationName = Release;
		};
		506990842B6A6863007C4708 /* Build configuration list for PBXNativeTarget "palpalUITests" */ = {
			isa = XCConfigurationList;
			buildConfigurations = (
				506990852B6A6863007C4708 /* Debug */,
				506990862B6A6863007C4708 /* Release */,
			);
			defaultConfigurationIsVisible = 0;
			defaultConfigurationName = Release;
		};
/* End XCConfigurationList section */
	};
	rootObject = 506990522B6A6861007C4708 /* Project object */;
}
